// !$*UTF8*$!
{
	archiveVersion = 1;
	classes = {
	};
	objectVersion = 46;
	objects = {

/* Begin PBXBuildFile section */
		4F1CCAA61A098F6900E35696 /* AppDelegate.swift in Sources */ = {isa = PBXBuildFile; fileRef = 4F1CCAA51A098F6900E35696 /* AppDelegate.swift */; };
		4F1CCAA81A098F6900E35696 /* FirstViewController.swift in Sources */ = {isa = PBXBuildFile; fileRef = 4F1CCAA71A098F6900E35696 /* FirstViewController.swift */; };
		4F1CCAAA1A098F6900E35696 /* SecondViewController.swift in Sources */ = {isa = PBXBuildFile; fileRef = 4F1CCAA91A098F6900E35696 /* SecondViewController.swift */; };
		4F1CCAAD1A098F6900E35696 /* Main.storyboard in Resources */ = {isa = PBXBuildFile; fileRef = 4F1CCAAB1A098F6900E35696 /* Main.storyboard */; };
		4F1CCAAF1A098F6900E35696 /* Images.xcassets in Resources */ = {isa = PBXBuildFile; fileRef = 4F1CCAAE1A098F6900E35696 /* Images.xcassets */; };
		4F1CCAB21A098F6900E35696 /* LaunchScreen.xib in Resources */ = {isa = PBXBuildFile; fileRef = 4F1CCAB01A098F6900E35696 /* LaunchScreen.xib */; };
		4F1CCABE1A098F6900E35696 /* fibonacciTests.swift in Sources */ = {isa = PBXBuildFile; fileRef = 4F1CCABD1A098F6900E35696 /* fibonacciTests.swift */; };
		4F1CCAC81A09909700E35696 /* ListViewModel.swift in Sources */ = {isa = PBXBuildFile; fileRef = 4F1CCAC71A09909700E35696 /* ListViewModel.swift */; };
		4F1CCACA1A09913E00E35696 /* ItemViewModel.swift in Sources */ = {isa = PBXBuildFile; fileRef = 4F1CCAC91A09913E00E35696 /* ItemViewModel.swift */; };
/* End PBXBuildFile section */

/* Begin PBXContainerItemProxy section */
		4F1CCAB81A098F6900E35696 /* PBXContainerItemProxy */ = {
			isa = PBXContainerItemProxy;
			containerPortal = 4F1CCA981A098F6900E35696 /* Project object */;
			proxyType = 1;
			remoteGlobalIDString = 4F1CCA9F1A098F6900E35696;
			remoteInfo = fibonacci;
		};
/* End PBXContainerItemProxy section */

/* Begin PBXFileReference section */
		4F1CCAA01A098F6900E35696 /* fibonacci.app */ = {isa = PBXFileReference; explicitFileType = wrapper.application; includeInIndex = 0; path = fibonacci.app; sourceTree = BUILT_PRODUCTS_DIR; };
		4F1CCAA41A098F6900E35696 /* Info.plist */ = {isa = PBXFileReference; lastKnownFileType = text.plist.xml; path = Info.plist; sourceTree = "<group>"; };
		4F1CCAA51A098F6900E35696 /* AppDelegate.swift */ = {isa = PBXFileReference; lastKnownFileType = sourcecode.swift; path = AppDelegate.swift; sourceTree = "<group>"; };
		4F1CCAA71A098F6900E35696 /* FirstViewController.swift */ = {isa = PBXFileReference; lastKnownFileType = sourcecode.swift; path = FirstViewController.swift; sourceTree = "<group>"; };
		4F1CCAA91A098F6900E35696 /* SecondViewController.swift */ = {isa = PBXFileReference; lastKnownFileType = sourcecode.swift; path = SecondViewController.swift; sourceTree = "<group>"; };
		4F1CCAAC1A098F6900E35696 /* Base */ = {isa = PBXFileReference; lastKnownFileType = file.storyboard; name = Base; path = Base.lproj/Main.storyboard; sourceTree = "<group>"; };
		4F1CCAAE1A098F6900E35696 /* Images.xcassets */ = {isa = PBXFileReference; lastKnownFileType = folder.assetcatalog; path = Images.xcassets; sourceTree = "<group>"; };
		4F1CCAB11A098F6900E35696 /* Base */ = {isa = PBXFileReference; lastKnownFileType = file.xib; name = Base; path = Base.lproj/LaunchScreen.xib; sourceTree = "<group>"; };
		4F1CCAB71A098F6900E35696 /* fibonacciTests.xctest */ = {isa = PBXFileReference; explicitFileType = wrapper.cfbundle; includeInIndex = 0; path = fibonacciTests.xctest; sourceTree = BUILT_PRODUCTS_DIR; };
		4F1CCABC1A098F6900E35696 /* Info.plist */ = {isa = PBXFileReference; lastKnownFileType = text.plist.xml; path = Info.plist; sourceTree = "<group>"; };
		4F1CCABD1A098F6900E35696 /* fibonacciTests.swift */ = {isa = PBXFileReference; lastKnownFileType = sourcecode.swift; path = fibonacciTests.swift; sourceTree = "<group>"; };
		4F1CCAC71A09909700E35696 /* ListViewModel.swift */ = {isa = PBXFileReference; fileEncoding = 4; lastKnownFileType = sourcecode.swift; path = ListViewModel.swift; sourceTree = "<group>"; };
		4F1CCAC91A09913E00E35696 /* ItemViewModel.swift */ = {isa = PBXFileReference; fileEncoding = 4; lastKnownFileType = sourcecode.swift; path = ItemViewModel.swift; sourceTree = "<group>"; };
/* End PBXFileReference section */

/* Begin PBXFrameworksBuildPhase section */
		4F1CCA9D1A098F6900E35696 /* Frameworks */ = {
			isa = PBXFrameworksBuildPhase;
			buildActionMask = 2147483647;
			files = (
			);
			runOnlyForDeploymentPostprocessing = 0;
		};
		4F1CCAB41A098F6900E35696 /* Frameworks */ = {
			isa = PBXFrameworksBuildPhase;
			buildActionMask = 2147483647;
			files = (
			);
			runOnlyForDeploymentPostprocessing = 0;
		};
/* End PBXFrameworksBuildPhase section */

/* Begin PBXGroup section */
		4F1CCA971A098F6900E35696 = {
			isa = PBXGroup;
			children = (
				4F1CCAA21A098F6900E35696 /* fibonacci */,
				4F1CCABA1A098F6900E35696 /* fibonacciTests */,
				4F1CCAA11A098F6900E35696 /* Products */,
			);
			sourceTree = "<group>";
		};
		4F1CCAA11A098F6900E35696 /* Products */ = {
			isa = PBXGroup;
			children = (
				4F1CCAA01A098F6900E35696 /* fibonacci.app */,
				4F1CCAB71A098F6900E35696 /* fibonacciTests.xctest */,
			);
			name = Products;
			sourceTree = "<group>";
		};
		4F1CCAA21A098F6900E35696 /* fibonacci */ = {
			isa = PBXGroup;
			children = (
				4F1CCAA51A098F6900E35696 /* AppDelegate.swift */,
				4F1CCAC71A09909700E35696 /* ListViewModel.swift */,
				4F1CCAA71A098F6900E35696 /* FirstViewController.swift */,
				4F1CCAA91A098F6900E35696 /* SecondViewController.swift */,
				4F1CCAAB1A098F6900E35696 /* Main.storyboard */,
				4F1CCAAE1A098F6900E35696 /* Images.xcassets */,
				4F1CCAB01A098F6900E35696 /* LaunchScreen.xib */,
				4F1CCAA31A098F6900E35696 /* Supporting Files */,
				4F1CCAC91A09913E00E35696 /* ItemViewModel.swift */,
			);
			path = fibonacci;
			sourceTree = "<group>";
		};
		4F1CCAA31A098F6900E35696 /* Supporting Files */ = {
			isa = PBXGroup;
			children = (
				4F1CCAA41A098F6900E35696 /* Info.plist */,
			);
			name = "Supporting Files";
			sourceTree = "<group>";
		};
		4F1CCABA1A098F6900E35696 /* fibonacciTests */ = {
			isa = PBXGroup;
			children = (
				4F1CCABD1A098F6900E35696 /* fibonacciTests.swift */,
				4F1CCABB1A098F6900E35696 /* Supporting Files */,
			);
			path = fibonacciTests;
			sourceTree = "<group>";
		};
		4F1CCABB1A098F6900E35696 /* Supporting Files */ = {
			isa = PBXGroup;
			children = (
				4F1CCABC1A098F6900E35696 /* Info.plist */,
			);
			name = "Supporting Files";
			sourceTree = "<group>";
		};
/* End PBXGroup section */

/* Begin PBXNativeTarget section */
		4F1CCA9F1A098F6900E35696 /* fibonacci */ = {
			isa = PBXNativeTarget;
			buildConfigurationList = 4F1CCAC11A098F6900E35696 /* Build configuration list for PBXNativeTarget "fibonacci" */;
			buildPhases = (
				4F1CCA9C1A098F6900E35696 /* Sources */,
				4F1CCA9D1A098F6900E35696 /* Frameworks */,
				4F1CCA9E1A098F6900E35696 /* Resources */,
			);
			buildRules = (
			);
			dependencies = (
			);
			name = fibonacci;
			productName = fibonacci;
			productReference = 4F1CCAA01A098F6900E35696 /* fibonacci.app */;
			productType = "com.apple.product-type.application";
		};
		4F1CCAB61A098F6900E35696 /* fibonacciTests */ = {
			isa = PBXNativeTarget;
			buildConfigurationList = 4F1CCAC41A098F6900E35696 /* Build configuration list for PBXNativeTarget "fibonacciTests" */;
			buildPhases = (
				4F1CCAB31A098F6900E35696 /* Sources */,
				4F1CCAB41A098F6900E35696 /* Frameworks */,
				4F1CCAB51A098F6900E35696 /* Resources */,
			);
			buildRules = (
			);
			dependencies = (
				4F1CCAB91A098F6900E35696 /* PBXTargetDependency */,
			);
			name = fibonacciTests;
			productName = fibonacciTests;
			productReference = 4F1CCAB71A098F6900E35696 /* fibonacciTests.xctest */;
			productType = "com.apple.product-type.bundle.unit-test";
		};
/* End PBXNativeTarget section */

/* Begin PBXProject section */
		4F1CCA981A098F6900E35696 /* Project object */ = {
			isa = PBXProject;
			attributes = {
				LastUpgradeCheck = 0610;
				ORGANIZATIONNAME = "Jason Liang";
				TargetAttributes = {
					4F1CCA9F1A098F6900E35696 = {
						CreatedOnToolsVersion = 6.1;
					};
					4F1CCAB61A098F6900E35696 = {
						CreatedOnToolsVersion = 6.1;
						TestTargetID = 4F1CCA9F1A098F6900E35696;
					};
				};
			};
			buildConfigurationList = 4F1CCA9B1A098F6900E35696 /* Build configuration list for PBXProject "fibonacci" */;
			compatibilityVersion = "Xcode 3.2";
			developmentRegion = English;
			hasScannedForEncodings = 0;
			knownRegions = (
				en,
				Base,
			);
			mainGroup = 4F1CCA971A098F6900E35696;
			productRefGroup = 4F1CCAA11A098F6900E35696 /* Products */;
			projectDirPath = "";
			projectRoot = "";
			targets = (
				4F1CCA9F1A098F6900E35696 /* fibonacci */,
				4F1CCAB61A098F6900E35696 /* fibonacciTests */,
			);
		};
/* End PBXProject section */

/* Begin PBXResourcesBuildPhase section */
		4F1CCA9E1A098F6900E35696 /* Resources */ = {
			isa = PBXResourcesBuildPhase;
			buildActionMask = 2147483647;
			files = (
				4F1CCAAD1A098F6900E35696 /* Main.storyboard in Resources */,
				4F1CCAB21A098F6900E35696 /* LaunchScreen.xib in Resources */,
				4F1CCAAF1A098F6900E35696 /* Images.xcassets in Resources */,
			);
			runOnlyForDeploymentPostprocessing = 0;
		};
		4F1CCAB51A098F6900E35696 /* Resources */ = {
			isa = PBXResourcesBuildPhase;
			buildActionMask = 2147483647;
			files = (
			);
			runOnlyForDeploymentPostprocessing = 0;
		};
/* End PBXResourcesBuildPhase section */

/* Begin PBXSourcesBuildPhase section */
		4F1CCA9C1A098F6900E35696 /* Sources */ = {
			isa = PBXSourcesBuildPhase;
			buildActionMask = 2147483647;
			files = (
				4F1CCAAA1A098F6900E35696 /* SecondViewController.swift in Sources */,
				4F1CCAA61A098F6900E35696 /* AppDelegate.swift in Sources */,
				4F1CCAC81A09909700E35696 /* ListViewModel.swift in Sources */,
				4F1CCACA1A09913E00E35696 /* ItemViewModel.swift in Sources */,
				4F1CCAA81A098F6900E35696 /* FirstViewController.swift in Sources */,
			);
			runOnlyForDeploymentPostprocessing = 0;
		};
		4F1CCAB31A098F6900E35696 /* Sources */ = {
			isa = PBXSourcesBuildPhase;
			buildActionMask = 2147483647;
			files = (
				4F1CCABE1A098F6900E35696 /* fibonacciTests.swift in Sources */,
			);
			runOnlyForDeploymentPostprocessing = 0;
		};
/* End PBXSourcesBuildPhase section */

/* Begin PBXTargetDependency section */
		4F1CCAB91A098F6900E35696 /* PBXTargetDependency */ = {
			isa = PBXTargetDependency;
			target = 4F1CCA9F1A098F6900E35696 /* fibonacci */;
			targetProxy = 4F1CCAB81A098F6900E35696 /* PBXContainerItemProxy */;
		};
/* End PBXTargetDependency section */

/* Begin PBXVariantGroup section */
		4F1CCAAB1A098F6900E35696 /* Main.storyboard */ = {
			isa = PBXVariantGroup;
			children = (
				4F1CCAAC1A098F6900E35696 /* Base */,
			);
			name = Main.storyboard;
			sourceTree = "<group>";
		};
		4F1CCAB01A098F6900E35696 /* LaunchScreen.xib */ = {
			isa = PBXVariantGroup;
			children = (
				4F1CCAB11A098F6900E35696 /* Base */,
			);
			name = LaunchScreen.xib;
			sourceTree = "<group>";
		};
/* End PBXVariantGroup section */

/* Begin XCBuildConfiguration section */
		4F1CCABF1A098F6900E35696 /* Debug */ = {
			isa = XCBuildConfiguration;
			buildSettings = {
				ALWAYS_SEARCH_USER_PATHS = NO;
				CLANG_CXX_LANGUAGE_STANDARD = "gnu++0x";
				CLANG_CXX_LIBRARY = "libc++";
				CLANG_ENABLE_MODULES = YES;
				CLANG_ENABLE_OBJC_ARC = YES;
				CLANG_WARN_BOOL_CONVERSION = YES;
				CLANG_WARN_CONSTANT_CONVERSION = YES;
				CLANG_WARN_DIRECT_OBJC_ISA_USAGE = YES_ERROR;
				CLANG_WARN_EMPTY_BODY = YES;
				CLANG_WARN_ENUM_CONVERSION = YES;
				CLANG_WARN_INT_CONVERSION = YES;
				CLANG_WARN_OBJC_ROOT_CLASS = YES_ERROR;
				CLANG_WARN_UNREACHABLE_CODE = YES;
				CLANG_WARN__DUPLICATE_METHOD_MATCH = YES;
				"CODE_SIGN_IDENTITY[sdk=iphoneos*]" = "iPhone Developer";
				COPY_PHASE_STRIP = NO;
				ENABLE_STRICT_OBJC_MSGSEND = YES;
				GCC_C_LANGUAGE_STANDARD = gnu99;
				GCC_DYNAMIC_NO_PIC = NO;
				GCC_OPTIMIZATION_LEVEL = 0;
				GCC_PREPROCESSOR_DEFINITIONS = (
					"DEBUG=1",
					"$(inherited)",
				);
				GCC_SYMBOLS_PRIVATE_EXTERN = NO;
				GCC_WARN_64_TO_32_BIT_CONVERSION = YES;
				GCC_WARN_ABOUT_RETURN_TYPE = YES_ERROR;
				GCC_WARN_UNDECLARED_SELECTOR = YES;
				GCC_WARN_UNINITIALIZED_AUTOS = YES_AGGRESSIVE;
				GCC_WARN_UNUSED_FUNCTION = YES;
				GCC_WARN_UNUSED_VARIABLE = YES;
				IPHONEOS_DEPLOYMENT_TARGET = 8.1;
				MTL_ENABLE_DEBUG_INFO = YES;
				ONLY_ACTIVE_ARCH = YES;
				SDKROOT = iphoneos;
				SWIFT_OPTIMIZATION_LEVEL = "-Onone";
			};
			name = Debug;
		};
		4F1CCAC01A098F6900E35696 /* Release */ = {
			isa = XCBuildConfiguration;
			buildSettings = {
				ALWAYS_SEARCH_USER_PATHS = NO;
				CLANG_CXX_LANGUAGE_STANDARD = "gnu++0x";
				CLANG_CXX_LIBRARY = "libc++";
				CLANG_ENABLE_MODULES = YES;
				CLANG_ENABLE_OBJC_ARC = YES;
				CLANG_WARN_BOOL_CONVERSION = YES;
				CLANG_WARN_CONSTANT_CONVERSION = YES;
				CLANG_WARN_DIRECT_OBJC_ISA_USAGE = YES_ERROR;
				CLANG_WARN_EMPTY_BODY = YES;
				CLANG_WARN_ENUM_CONVERSION = YES;
				CLANG_WARN_INT_CONVERSION = YES;
				CLANG_WARN_OBJC_ROOT_CLASS = YES_ERROR;
				CLANG_WARN_UNREACHABLE_CODE = YES;
				CLANG_WARN__DUPLICATE_METHOD_MATCH = YES;
				"CODE_SIGN_IDENTITY[sdk=iphoneos*]" = "iPhone Developer";
				COPY_PHASE_STRIP = YES;
				ENABLE_NS_ASSERTIONS = NO;
				ENABLE_STRICT_OBJC_MSGSEND = YES;
				GCC_C_LANGUAGE_STANDARD = gnu99;
				GCC_WARN_64_TO_32_BIT_CONVERSION = YES;
				GCC_WARN_ABOUT_RETURN_TYPE = YES_ERROR;
				GCC_WARN_UNDECLARED_SELECTOR = YES;
				GCC_WARN_UNINITIALIZED_AUTOS = YES_AGGRESSIVE;
				GCC_WARN_UNUSED_FUNCTION = YES;
				GCC_WARN_UNUSED_VARIABLE = YES;
				IPHONEOS_DEPLOYMENT_TARGET = 8.1;
				MTL_ENABLE_DEBUG_INFO = NO;
				SDKROOT = iphoneos;
				VALIDATE_PRODUCT = YES;
			};
			name = Release;
		};
		4F1CCAC21A098F6900E35696 /* Debug */ = {
			isa = XCBuildConfiguration;
			buildSettings = {
				ASSETCATALOG_COMPILER_APPICON_NAME = AppIcon;
				INFOPLIST_FILE = fibonacci/Info.plist;
				LD_RUNPATH_SEARCH_PATHS = "$(inherited) @executable_path/Frameworks";
				PRODUCT_NAME = "$(TARGET_NAME)";
			};
			name = Debug;
		};
		4F1CCAC31A098F6900E35696 /* Release */ = {
			isa = XCBuildConfiguration;
			buildSettings = {
				ASSETCATALOG_COMPILER_APPICON_NAME = AppIcon;
				INFOPLIST_FILE = fibonacci/Info.plist;
				LD_RUNPATH_SEARCH_PATHS = "$(inherited) @executable_path/Frameworks";
				PRODUCT_NAME = "$(TARGET_NAME)";
			};
			name = Release;
		};
		4F1CCAC51A098F6900E35696 /* Debug */ = {
			isa = XCBuildConfiguration;
			buildSettings = {
				BUNDLE_LOADER = "$(TEST_HOST)";
				FRAMEWORK_SEARCH_PATHS = (
					"$(SDKROOT)/Developer/Library/Frameworks",
					"$(inherited)",
				);
				GCC_PREPROCESSOR_DEFINITIONS = (
					"DEBUG=1",
					"$(inherited)",
				);
				INFOPLIST_FILE = fibonacciTests/Info.plist;
				LD_RUNPATH_SEARCH_PATHS = "$(inherited) @executable_path/Frameworks @loader_path/Frameworks";
				PRODUCT_NAME = "$(TARGET_NAME)";
				TEST_HOST = "$(BUILT_PRODUCTS_DIR)/fibonacci.app/fibonacci";
			};
			name = Debug;
		};
		4F1CCAC61A098F6900E35696 /* Release */ = {
			isa = XCBuildConfiguration;
			buildSettings = {
				BUNDLE_LOADER = "$(TEST_HOST)";
				FRAMEWORK_SEARCH_PATHS = (
					"$(SDKROOT)/Developer/Library/Frameworks",
					"$(inherited)",
				);
				INFOPLIST_FILE = fibonacciTests/Info.plist;
				LD_RUNPATH_SEARCH_PATHS = "$(inherited) @executable_path/Frameworks @loader_path/Frameworks";
				PRODUCT_NAME = "$(TARGET_NAME)";
				TEST_HOST = "$(BUILT_PRODUCTS_DIR)/fibonacci.app/fibonacci";
			};
			name = Release;
		};
/* End XCBuildConfiguration section */

/* Begin XCConfigurationList section */
		4F1CCA9B1A098F6900E35696 /* Build configuration list for PBXProject "fibonacci" */ = {
			isa = XCConfigurationList;
			buildConfigurations = (
				4F1CCABF1A098F6900E35696 /* Debug */,
				4F1CCAC01A098F6900E35696 /* Release */,
			);
			defaultConfigurationIsVisible = 0;
			defaultConfigurationName = Release;
		};
		4F1CCAC11A098F6900E35696 /* Build configuration list for PBXNativeTarget "fibonacci" */ = {
			isa = XCConfigurationList;
			buildConfigurations = (
				4F1CCAC21A098F6900E35696 /* Debug */,
				4F1CCAC31A098F6900E35696 /* Release */,
			);
			defaultConfigurationIsVisible = 0;
		};
		4F1CCAC41A098F6900E35696 /* Build configuration list for PBXNativeTarget "fibonacciTests" */ = {
			isa = XCConfigurationList;
			buildConfigurations = (
				4F1CCAC51A098F6900E35696 /* Debug */,
				4F1CCAC61A098F6900E35696 /* Release */,
			);
			defaultConfigurationIsVisible = 0;
		};
/* End XCConfigurationList section */
	};
	rootObject = 4F1CCA981A098F6900E35696 /* Project object */;
}
